{
  "nodes": {
    "firefox-addons": {
      "inputs": {
        "nixpkgs": [
          "nixpkgs"
        ]
      },
      "locked": {
        "dir": "pkgs/firefox-addons",
        "lastModified": 1767672212,
        "narHash": "sha256-CGQgo92QKzCnRUF2wjEPsaIoKajVU5EyK1aDaMwo1xg=",
        "owner": "rycee",
        "repo": "nur-expressions",
        "rev": "461ec70d76363e9f76588afe59e02fbbc69da80e",
        "type": "gitlab"
      },
      "original": {
        "dir": "pkgs/firefox-addons",
        "owner": "rycee",
        "repo": "nur-expressions",
        "type": "gitlab"
      }
    },
    "fondos-de-pantalla": {
      "locked": {
        "lastModified": 1767876357,
        "narHash": "sha256-lVHWNbYiSXPlzcpQYr+/2RRCXwUphDWpp82nyRtNSiA=",
        "owner": "Anfigeno",
        "repo": "Fondos-de-pantalla",
        "rev": "000025e0ea274f9f2a7caf311c79d00a2e29c131",
        "type": "github"
      },
      "original": {
        "owner": "Anfigeno",
        "repo": "Fondos-de-pantalla",
        "type": "github"
      }
    },
    "home-manager": {
      "inputs": {
        "nixpkgs": [
          "nixpkgs"
        ]
      },
      "locked": {
        "lastModified": 1770260404,
        "narHash": "sha256-3iVX1+7YUIt23hBx1WZsUllhbmP2EnXrV8tCRbLxHc8=",
        "owner": "nix-community",
        "repo": "home-manager",
        "rev": "0d782ee42c86b196acff08acfbf41bb7d13eed5b",
        "type": "github"
      },
      "original": {
        "owner": "nix-community",
        "ref": "release-25.11",
        "repo": "home-manager",
        "type": "github"
      }
    },
    "mestizo-nix": {
      "inputs": {
        "nixpkgs": [
          "nixpkgs"
        ]
      },
      "locked": {
        "lastModified": 1768256288,
        "narHash": "sha256-3h9DzMx/pZ93S3kh1bqDBs0+3gbbwlZt8zTnFjmfMJk=",
        "owner": "TemaMestizo",
        "repo": "MestizoNix",
        "rev": "02293c6d9981913bd43f2ff81826b8dc989128f3",
        "type": "github"
      },
      "original": {
        "owner": "TemaMestizo",
        "ref": "dev",
        "repo": "MestizoNix",
        "type": "github"
      }
    },
    "mestizo256nix": {
      "inputs": {
        "nixpkgs": [
          "nixpkgs"
        ]
      },
      "locked": {
        "lastModified": 1770489539,
        "narHash": "sha256-BotqBVJK3gFOd5jdvEyc07rFcmr1GUOi9clgwesilDc=",
        "ref": "refs/heads/main",
        "rev": "e5c82ee2bf42403cceb0b3b2a56d1011493be72f",
        "revCount": 9,
        "type": "git",
        "url": "file:///home/anfitrion/Codigo/Nix/Mestizo256Nix"
      },
      "original": {
        "type": "git",
        "url": "file:///home/anfitrion/Codigo/Nix/Mestizo256Nix"
      }
    },
    "nixpkgs": {
      "locked": {
        "lastModified": 1771208521,
        "narHash": "sha256-X01Q3DgSpjeBpapoGA4rzKOn25qdKxbPnxHeMLNoHTU=",
        "owner": "nixos",
        "repo": "nixpkgs",
        "rev": "fa56d7d6de78f5a7f997b0ea2bc6efd5868ad9e8",
        "type": "github"
      },
      "original": {
        "owner": "nixos",
        "ref": "nixos-25.11",
        "repo": "nixpkgs",
        "type": "github"
      }
    },
    "root": {
      "inputs": {
        "firefox-addons": "firefox-addons",
        "fondos-de-pantalla": "fondos-de-pantalla",
        "home-manager": "home-manager",
        "mestizo-nix": "mestizo-nix",
        "mestizo256nix": "mestizo256nix",
        "nixpkgs": "nixpkgs"
      }
    }
  },
  "root": "root",
  "version": 7
}
